
Microsoft Visual Studio Solution File, Format Version 12.00
# Visual Studio 15
VisualStudioVersion = 15.0.27004.2002
MinimumVisualStudioVersion = 10.0.40219.1
Project("{FAE04EC0-301F-11D3-BF4B-00C04F79EFBC}") = "SqlSugarTool", "SqlSugarTool\SqlSugarTool.csproj", "{225320A7-ED6F-4408-8A88-0CC7B48C9972}"
EndProject
Project("{FAE04EC0-301F-11D3-BF4B-00C04F79EFBC}") = "OA.Bll", "OA.Bll\OA.Bll.csproj", "{08C01291-BEEC-4217-B8D4-6FA63104174E}"
EndProject
Project("{FAE04EC0-301F-11D3-BF4B-00C04F79EFBC}") = "OA.Tools", "OA.Tools\OA.Tools.csproj", "{CEC28515-3D48-4BF9-B0D9-9231EAA8824A}"
EndProject
Project("{FAE04EC0-301F-11D3-BF4B-00C04F79EFBC}") = "OA", "OA\OA.csproj", "{E06A089C-B86D-4FCC-9184-B6AF8462FCD3}"
EndProject
Project("{FAE04EC0-301F-11D3-BF4B-00C04F79EFBC}") = "OA.Tests", "OA.Tests\OA.Tests.csproj", "{7A1284DE-E0DD-4679-8C6A-062765B845C0}"
EndProject
Project("{FAE04EC0-301F-11D3-BF4B-00C04F79EFBC}") = "OA.Core", "OA.Core\OA.Core.csproj", "{5FB80E8F-F2EB-439B-A1A7-94E04A96EC52}"
EndProject
Project("{FAE04EC0-301F-11D3-BF4B-00C04F79EFBC}") = "OA.Model", "OA.Model\OA.Model.csproj", "{FBB4B872-BAD7-4FB5-9A02-5F13F10FD7FB}"
EndProject
Project("{FAE04EC0-301F-11D3-BF4B-00C04F79EFBC}") = "ConsoleApp", "ConsoleApp\ConsoleApp.csproj", "{459E92E3-3727-4E6B-9687-6BADE8259FFA}"
EndProject
Project("{FAE04EC0-301F-11D3-BF4B-00C04F79EFBC}") = "OA.ViewModel", "OA.ViewModel\OA.ViewModel.csproj", "{85ABE065-5780-4446-B036-954D563150C7}"
EndProject
Global
	GlobalSection(SolutionConfigurationPlatforms) = preSolution
		Debug|Any CPU = Debug|Any CPU
		Release|Any CPU = Release|Any CPU
	EndGlobalSection
	GlobalSection(ProjectConfigurationPlatforms) = postSolution
		{225320A7-ED6F-4408-8A88-0CC7B48C9972}.Debug|Any CPU.ActiveCfg = Debug|Any CPU
		{225320A7-ED6F-4408-8A88-0CC7B48C9972}.Debug|Any CPU.Build.0 = Debug|Any CPU
		{225320A7-ED6F-4408-8A88-0CC7B48C9972}.Release|Any CPU.ActiveCfg = Release|Any CPU
		{225320A7-ED6F-4408-8A88-0CC7B48C9972}.Release|Any CPU.Build.0 = Release|Any CPU
		{08C01291-BEEC-4217-B8D4-6FA63104174E}.Debug|Any CPU.ActiveCfg = Debug|Any CPU
		{08C01291-BEEC-4217-B8D4-6FA63104174E}.Debug|Any CPU.Build.0 = Debug|Any CPU
		{08C01291-BEEC-4217-B8D4-6FA63104174E}.Release|Any CPU.ActiveCfg = Release|Any CPU
		{08C01291-BEEC-4217-B8D4-6FA63104174E}.Release|Any CPU.Build.0 = Release|Any CPU
		{CEC28515-3D48-4BF9-B0D9-9231EAA8824A}.Debug|Any CPU.ActiveCfg = Debug|Any CPU
		{CEC28515-3D48-4BF9-B0D9-9231EAA8824A}.Debug|Any CPU.Build.0 = Debug|Any CPU
		{CEC28515-3D48-4BF9-B0D9-9231EAA8824A}.Release|Any CPU.ActiveCfg = Release|Any CPU
		{CEC28515-3D48-4BF9-B0D9-9231EAA8824A}.Release|Any CPU.Build.0 = Release|Any CPU
		{E06A089C-B86D-4FCC-9184-B6AF8462FCD3}.Debug|Any CPU.ActiveCfg = Debug|Any CPU
		{E06A089C-B86D-4FCC-9184-B6AF8462FCD3}.Debug|Any CPU.Build.0 = Debug|Any CPU
		{E06A089C-B86D-4FCC-9184-B6AF8462FCD3}.Release|Any CPU.ActiveCfg = Release|Any CPU
		{E06A089C-B86D-4FCC-9184-B6AF8462FCD3}.Release|Any CPU.Build.0 = Release|Any CPU
		{7A1284DE-E0DD-4679-8C6A-062765B845C0}.Debug|Any CPU.ActiveCfg = Debug|Any CPU
		{7A1284DE-E0DD-4679-8C6A-062765B845C0}.Debug|Any CPU.Build.0 = Debug|Any CPU
		{7A1284DE-E0DD-4679-8C6A-062765B845C0}.Release|Any CPU.ActiveCfg = Release|Any CPU
		{7A1284DE-E0DD-4679-8C6A-062765B845C0}.Release|Any CPU.Build.0 = Release|Any CPU
		{5FB80E8F-F2EB-439B-A1A7-94E04A96EC52}.Debug|Any CPU.ActiveCfg = Debug|Any CPU
		{5FB80E8F-F2EB-439B-A1A7-94E04A96EC52}.Debug|Any CPU.Build.0 = Debug|Any CPU
		{5FB80E8F-F2EB-439B-A1A7-94E04A96EC52}.Release|Any CPU.ActiveCfg = Release|Any CPU
		{5FB80E8F-F2EB-439B-A1A7-94E04A96EC52}.Release|Any CPU.Build.0 = Release|Any CPU
		{FBB4B872-BAD7-4FB5-9A02-5F13F10FD7FB}.Debug|Any CPU.ActiveCfg = Debug|Any CPU
		{FBB4B872-BAD7-4FB5-9A02-5F13F10FD7FB}.Debug|Any CPU.Build.0 = Debug|Any CPU
		{FBB4B872-BAD7-4FB5-9A02-5F13F10FD7FB}.Release|Any CPU.ActiveCfg = Release|Any CPU
		{FBB4B872-BAD7-4FB5-9A02-5F13F10FD7FB}.Release|Any CPU.Build.0 = Release|Any CPU
		{459E92E3-3727-4E6B-9687-6BADE8259FFA}.Debug|Any CPU.ActiveCfg = Debug|Any CPU
		{459E92E3-3727-4E6B-9687-6BADE8259FFA}.Debug|Any CPU.Build.0 = Debug|Any CPU
		{459E92E3-3727-4E6B-9687-6BADE8259FFA}.Release|Any CPU.ActiveCfg = Release|Any CPU
		{459E92E3-3727-4E6B-9687-6BADE8259FFA}.Release|Any CPU.Build.0 = Release|Any CPU
		{85ABE065-5780-4446-B036-954D563150C7}.Debug|Any CPU.ActiveCfg = Debug|Any CPU
		{85ABE065-5780-4446-B036-954D563150C7}.Debug|Any CPU.Build.0 = Debug|Any CPU
		{85ABE065-5780-4446-B036-954D563150C7}.Release|Any CPU.ActiveCfg = Release|Any CPU
		{85ABE065-5780-4446-B036-954D563150C7}.Release|Any CPU.Build.0 = Release|Any CPU
	EndGlobalSection
	GlobalSection(SolutionProperties) = preSolution
		HideSolutionNode = FALSE
	EndGlobalSection
	GlobalSection(ExtensibilityGlobals) = postSolution
		SolutionGuid = {7D2802EA-BD46-4CDF-AFB6-BAE39CA0F535}
	EndGlobalSection
EndGlobal
